
Microsoft Visual Studio Solution File, Format Version 12.00
# Visual Studio Version 16
VisualStudioVersion = 16.0.32228.343
MinimumVisualStudioVersion = 10.0.40219.1
Project("{FAE04EC0-301F-11D3-BF4B-00C04F79EFBC}") = "DizidenTekCiftSayiAyiklama", "DizidenTekCiftSayiAyiklama\DizidenTekCiftSayiAyiklama.csproj", "{EE0F903A-3B3C-4E59-A95E-3FDD74476AD0}"
EndProject
Global
	GlobalSection(SolutionConfigurationPlatforms) = preSolution
		Debug|Any CPU = Debug|Any CPU
		Release|Any CPU = Release|Any CPU
	EndGlobalSection
	GlobalSection(ProjectConfigurationPlatforms) = postSolution
		{EE0F903A-3B3C-4E59-A95E-3FDD74476AD0}.Debug|Any CPU.ActiveCfg = Debug|Any CPU
		{EE0F903A-3B3C-4E59-A95E-3FDD74476AD0}.Debug|Any CPU.Build.0 = Debug|Any CPU
		{EE0F903A-3B3C-4E59-A95E-3FDD74476AD0}.Release|Any CPU.ActiveCfg = Release|Any CPU
		{EE0F903A-3B3C-4E59-A95E-3FDD74476AD0}.Release|Any CPU.Build.0 = Release|Any CPU
	EndGlobalSection
	GlobalSection(SolutionProperties) = preSolution
		HideSolutionNode = FALSE
	EndGlobalSection
	GlobalSection(ExtensibilityGlobals) = postSolution
		SolutionGuid = {D1A8D75C-216C-4579-8834-E34984183A89}
	EndGlobalSection
EndGlobal
